# This file is automatically @generated by Cargo.
# It is not intended for manual editing.
version = 4

[[package]]
name = "control_statement"
version = "0.1.0"

[[package]]
name = "function"
version = "0.1.0"

[[package]]
name = "hello_world"
version = "0.1.0"

[[package]]
name = "implementation"
version = "0.1.0"

[[package]]
name = "ownership"
version = "0.1.0"

[[package]]
name = "struct_"
version = "0.1.0"

[[package]]
name = "variable"
version = "0.1.0"
